
Microsoft Visual Studio Solution File, Format Version 12.00
# Visual Studio Version 16
VisualStudioVersion = 16.0.32228.343
MinimumVisualStudioVersion = 10.0.40219.1
Project("{FAE04EC0-301F-11D3-BF4B-00C04F79EFBC}") = "FlyCart", "FlyCart\FlyCart.csproj", "{B329B6AE-1891-474E-8800-DC8FB19F05E1}"
EndProject
Global
	GlobalSection(SolutionConfigurationPlatforms) = preSolution
		Debug|Any CPU = Debug|Any CPU
		Release|Any CPU = Release|Any CPU
	EndGlobalSection
	GlobalSection(ProjectConfigurationPlatforms) = postSolution
		{B329B6AE-1891-474E-8800-DC8FB19F05E1}.Debug|Any CPU.ActiveCfg = Debug|Any CPU
		{B329B6AE-1891-474E-8800-DC8FB19F05E1}.Debug|Any CPU.Build.0 = Debug|Any CPU
		{B329B6AE-1891-474E-8800-DC8FB19F05E1}.Release|Any CPU.ActiveCfg = Release|Any CPU
		{B329B6AE-1891-474E-8800-DC8FB19F05E1}.Release|Any CPU.Build.0 = Release|Any CPU
	EndGlobalSection
	GlobalSection(SolutionProperties) = preSolution
		HideSolutionNode = FALSE
	EndGlobalSection
	GlobalSection(ExtensibilityGlobals) = postSolution
		SolutionGuid = {B1F2B519-C566-4179-B716-FF785F1AA08E}
	EndGlobalSection
EndGlobal
